
Microsoft Visual Studio Solution File, Format Version 12.00
# Visual Studio Version 17
VisualStudioVersion = 17.5.002.0
MinimumVisualStudioVersion = 10.0.40219.1
Project("{9A19103F-16F7-4668-BE54-9A1E7A4F7556}") = "MyAzureWebApp", "src\MyAzureWebApp.csproj", "{A718B5D9-8AFA-471B-A22E-0CBBF4C68A31}"
EndProject
Global
	GlobalSection(SolutionConfigurationPlatforms) = preSolution
		Debug|Any CPU = Debug|Any CPU
		Release|Any CPU = Release|Any CPU
	EndGlobalSection
	GlobalSection(ProjectConfigurationPlatforms) = postSolution
		{A718B5D9-8AFA-471B-A22E-0CBBF4C68A31}.Debug|Any CPU.ActiveCfg = Debug|Any CPU
		{A718B5D9-8AFA-471B-A22E-0CBBF4C68A31}.Debug|Any CPU.Build.0 = Debug|Any CPU
		{A718B5D9-8AFA-471B-A22E-0CBBF4C68A31}.Release|Any CPU.ActiveCfg = Release|Any CPU
		{A718B5D9-8AFA-471B-A22E-0CBBF4C68A31}.Release|Any CPU.Build.0 = Release|Any CPU
	EndGlobalSection
	GlobalSection(SolutionProperties) = preSolution
		HideSolutionNode = FALSE
	EndGlobalSection
	GlobalSection(ExtensibilityGlobals) = postSolution
		SolutionGuid = {DCEB24BE-2DB4-438D-96A0-63FA1618F76C}
	EndGlobalSection
EndGlobal
